// !$*UTF8*$!
{
	archiveVersion = 1;
	classes = {
	};
	objectVersion = 46;
	objects = {

/* Begin PBXBuildFile section */
		19DF5A941E6757CA0063E0AA /* AppDelegate.swift in Sources */ = {isa = PBXBuildFile; fileRef = 19DF5A931E6757CA0063E0AA /* AppDelegate.swift */; };
		19DF5A991E6757CB0063E0AA /* Main.storyboard in Resources */ = {isa = PBXBuildFile; fileRef = 19DF5A971E6757CB0063E0AA /* Main.storyboard */; };
		19DF5A9B1E6757CB0063E0AA /* Assets.xcassets in Resources */ = {isa = PBXBuildFile; fileRef = 19DF5A9A1E6757CB0063E0AA /* Assets.xcassets */; };
		19DF5A9E1E6757CB0063E0AA /* LaunchScreen.storyboard in Resources */ = {isa = PBXBuildFile; fileRef = 19DF5A9C1E6757CB0063E0AA /* LaunchScreen.storyboard */; };
		19DF5AA61E6A57B00063E0AA /* TipViewController.swift in Sources */ = {isa = PBXBuildFile; fileRef = 19DF5AA51E6A57B00063E0AA /* TipViewController.swift */; };
		19DF5AA81E6A57C70063E0AA /* SettingsViewController.swift in Sources */ = {isa = PBXBuildFile; fileRef = 19DF5AA71E6A57C70063E0AA /* SettingsViewController.swift */; };
		19DF5AAA1E6A57F20063E0AA /* TipController.swift in Sources */ = {isa = PBXBuildFile; fileRef = 19DF5AA91E6A57F20063E0AA /* TipController.swift */; };
		19DF5AAC1E6A58030063E0AA /* TipViewModel.swift in Sources */ = {isa = PBXBuildFile; fileRef = 19DF5AAB1E6A58030063E0AA /* TipViewModel.swift */; };
		19DF5AAE1E6A580F0063E0AA /* SettingsViewModel.swift in Sources */ = {isa = PBXBuildFile; fileRef = 19DF5AAD1E6A580F0063E0AA /* SettingsViewModel.swift */; };
		19DF5AB01E6A581A0063E0AA /* SettingsController.swift in Sources */ = {isa = PBXBuildFile; fileRef = 19DF5AAF1E6A581A0063E0AA /* SettingsController.swift */; };
		19DF5AB61E6A60630063E0AA /* TipModel.swift in Sources */ = {isa = PBXBuildFile; fileRef = 19DF5AB51E6A60630063E0AA /* TipModel.swift */; };
		19F3AE6A1E74A191009680F6 /* Interface.storyboard in Resources */ = {isa = PBXBuildFile; fileRef = 19F3AE681E74A191009680F6 /* Interface.storyboard */; };
		19F3AE6C1E74A191009680F6 /* Assets.xcassets in Resources */ = {isa = PBXBuildFile; fileRef = 19F3AE6B1E74A191009680F6 /* Assets.xcassets */; };
		19F3AE731E74A191009680F6 /* Tip Watch Extension.appex in Embed App Extensions */ = {isa = PBXBuildFile; fileRef = 19F3AE721E74A191009680F6 /* Tip Watch Extension.appex */; settings = {ATTRIBUTES = (RemoveHeadersOnCopy, ); }; };
		19F3AE781E74A191009680F6 /* InterfaceController.swift in Sources */ = {isa = PBXBuildFile; fileRef = 19F3AE771E74A191009680F6 /* InterfaceController.swift */; };
		19F3AE7A1E74A191009680F6 /* ExtensionDelegate.swift in Sources */ = {isa = PBXBuildFile; fileRef = 19F3AE791E74A191009680F6 /* ExtensionDelegate.swift */; };
		19F3AE7C1E74A191009680F6 /* Assets.xcassets in Resources */ = {isa = PBXBuildFile; fileRef = 19F3AE7B1E74A191009680F6 /* Assets.xcassets */; };
		19F3AE801E74A191009680F6 /* Tip Watch.app in Embed Watch Content */ = {isa = PBXBuildFile; fileRef = 19F3AE661E74A190009680F6 /* Tip Watch.app */; };
		19F3AE891E74A243009680F6 /* TipModel.swift in Sources */ = {isa = PBXBuildFile; fileRef = 19DF5AB51E6A60630063E0AA /* TipModel.swift */; };
/* End PBXBuildFile section */

/* Begin PBXContainerItemProxy section */
		19F3AE741E74A191009680F6 /* PBXContainerItemProxy */ = {
			isa = PBXContainerItemProxy;
			containerPortal = 19DF5A881E6757CA0063E0AA /* Project object */;
			proxyType = 1;
			remoteGlobalIDString = 19F3AE711E74A191009680F6;
			remoteInfo = "Tip Watch Extension";
		};
		19F3AE7E1E74A191009680F6 /* PBXContainerItemProxy */ = {
			isa = PBXContainerItemProxy;
			containerPortal = 19DF5A881E6757CA0063E0AA /* Project object */;
			proxyType = 1;
			remoteGlobalIDString = 19F3AE651E74A190009680F6;
			remoteInfo = "Tip Watch";
		};
/* End PBXContainerItemProxy section */

/* Begin PBXCopyFilesBuildPhase section */
		19F3AE861E74A191009680F6 /* Embed App Extensions */ = {
			isa = PBXCopyFilesBuildPhase;
			buildActionMask = 2147483647;
			dstPath = "";
			dstSubfolderSpec = 13;
			files = (
				19F3AE731E74A191009680F6 /* Tip Watch Extension.appex in Embed App Extensions */,
			);
			name = "Embed App Extensions";
			runOnlyForDeploymentPostprocessing = 0;
		};
		19F3AE881E74A191009680F6 /* Embed Watch Content */ = {
			isa = PBXCopyFilesBuildPhase;
			buildActionMask = 2147483647;
			dstPath = "$(CONTENTS_FOLDER_PATH)/Watch";
			dstSubfolderSpec = 16;
			files = (
				19F3AE801E74A191009680F6 /* Tip Watch.app in Embed Watch Content */,
			);
			name = "Embed Watch Content";
			runOnlyForDeploymentPostprocessing = 0;
		};
/* End PBXCopyFilesBuildPhase section */

/* Begin PBXFileReference section */
		19DF5A901E6757CA0063E0AA /* Tip With Friends.app */ = {isa = PBXFileReference; explicitFileType = wrapper.application; includeInIndex = 0; path = "Tip With Friends.app"; sourceTree = BUILT_PRODUCTS_DIR; };
		19DF5A931E6757CA0063E0AA /* AppDelegate.swift */ = {isa = PBXFileReference; lastKnownFileType = sourcecode.swift; path = AppDelegate.swift; sourceTree = "<group>"; };
		19DF5A981E6757CB0063E0AA /* Base */ = {isa = PBXFileReference; lastKnownFileType = file.storyboard; name = Base; path = Base.lproj/Main.storyboard; sourceTree = "<group>"; };
		19DF5A9A1E6757CB0063E0AA /* Assets.xcassets */ = {isa = PBXFileReference; lastKnownFileType = folder.assetcatalog; path = Assets.xcassets; sourceTree = "<group>"; };
		19DF5A9D1E6757CB0063E0AA /* Base */ = {isa = PBXFileReference; lastKnownFileType = file.storyboard; name = Base; path = Base.lproj/LaunchScreen.storyboard; sourceTree = "<group>"; };
		19DF5A9F1E6757CB0063E0AA /* Info.plist */ = {isa = PBXFileReference; lastKnownFileType = text.plist.xml; path = Info.plist; sourceTree = "<group>"; };
		19DF5AA51E6A57B00063E0AA /* TipViewController.swift */ = {isa = PBXFileReference; fileEncoding = 4; lastKnownFileType = sourcecode.swift; path = TipViewController.swift; sourceTree = "<group>"; };
		19DF5AA71E6A57C70063E0AA /* SettingsViewController.swift */ = {isa = PBXFileReference; fileEncoding = 4; lastKnownFileType = sourcecode.swift; path = SettingsViewController.swift; sourceTree = "<group>"; };
		19DF5AA91E6A57F20063E0AA /* TipController.swift */ = {isa = PBXFileReference; fileEncoding = 4; lastKnownFileType = sourcecode.swift; path = TipController.swift; sourceTree = "<group>"; };
		19DF5AAB1E6A58030063E0AA /* TipViewModel.swift */ = {isa = PBXFileReference; fileEncoding = 4; lastKnownFileType = sourcecode.swift; path = TipViewModel.swift; sourceTree = "<group>"; };
		19DF5AAD1E6A580F0063E0AA /* SettingsViewModel.swift */ = {isa = PBXFileReference; fileEncoding = 4; lastKnownFileType = sourcecode.swift; path = SettingsViewModel.swift; sourceTree = "<group>"; };
		19DF5AAF1E6A581A0063E0AA /* SettingsController.swift */ = {isa = PBXFileReference; fileEncoding = 4; lastKnownFileType = sourcecode.swift; path = SettingsController.swift; sourceTree = "<group>"; };
		19DF5AB51E6A60630063E0AA /* TipModel.swift */ = {isa = PBXFileReference; fileEncoding = 4; lastKnownFileType = sourcecode.swift; path = TipModel.swift; sourceTree = "<group>"; };
		19F3AE661E74A190009680F6 /* Tip Watch.app */ = {isa = PBXFileReference; explicitFileType = wrapper.application; includeInIndex = 0; path = "Tip Watch.app"; sourceTree = BUILT_PRODUCTS_DIR; };
		19F3AE691E74A191009680F6 /* Base */ = {isa = PBXFileReference; lastKnownFileType = file.storyboard; name = Base; path = Base.lproj/Interface.storyboard; sourceTree = "<group>"; };
		19F3AE6B1E74A191009680F6 /* Assets.xcassets */ = {isa = PBXFileReference; lastKnownFileType = folder.assetcatalog; path = Assets.xcassets; sourceTree = "<group>"; };
		19F3AE6D1E74A191009680F6 /* Info.plist */ = {isa = PBXFileReference; lastKnownFileType = text.plist.xml; path = Info.plist; sourceTree = "<group>"; };
		19F3AE721E74A191009680F6 /* Tip Watch Extension.appex */ = {isa = PBXFileReference; explicitFileType = "wrapper.app-extension"; includeInIndex = 0; path = "Tip Watch Extension.appex"; sourceTree = BUILT_PRODUCTS_DIR; };
		19F3AE771E74A191009680F6 /* InterfaceController.swift */ = {isa = PBXFileReference; lastKnownFileType = sourcecode.swift; path = InterfaceController.swift; sourceTree = "<group>"; };
		19F3AE791E74A191009680F6 /* ExtensionDelegate.swift */ = {isa = PBXFileReference; lastKnownFileType = sourcecode.swift; path = ExtensionDelegate.swift; sourceTree = "<group>"; };
		19F3AE7B1E74A191009680F6 /* Assets.xcassets */ = {isa = PBXFileReference; lastKnownFileType = folder.assetcatalog; path = Assets.xcassets; sourceTree = "<group>"; };
		19F3AE7D1E74A191009680F6 /* Info.plist */ = {isa = PBXFileReference; lastKnownFileType = text.plist.xml; path = Info.plist; sourceTree = "<group>"; };
/* End PBXFileReference section */

/* Begin PBXFrameworksBuildPhase section */
		19DF5A8D1E6757CA0063E0AA /* Frameworks */ = {
			isa = PBXFrameworksBuildPhase;
			buildActionMask = 2147483647;
			files = (
			);
			runOnlyForDeploymentPostprocessing = 0;
		};
		19F3AE6F1E74A191009680F6 /* Frameworks */ = {
			isa = PBXFrameworksBuildPhase;
			buildActionMask = 2147483647;
			files = (
			);
			runOnlyForDeploymentPostprocessing = 0;
		};
/* End PBXFrameworksBuildPhase section */

/* Begin PBXGroup section */
		19DF5A871E6757CA0063E0AA = {
			isa = PBXGroup;
			children = (
				19DF5A921E6757CA0063E0AA /* Tip With Friends */,
				19F3AE671E74A191009680F6 /* Tip Watch */,
				19F3AE761E74A191009680F6 /* Tip Watch Extension */,
				19DF5A911E6757CA0063E0AA /* Products */,
			);
			sourceTree = "<group>";
		};
		19DF5A911E6757CA0063E0AA /* Products */ = {
			isa = PBXGroup;
			children = (
				19DF5A901E6757CA0063E0AA /* Tip With Friends.app */,
				19F3AE661E74A190009680F6 /* Tip Watch.app */,
				19F3AE721E74A191009680F6 /* Tip Watch Extension.appex */,
			);
			name = Products;
			sourceTree = "<group>";
		};
		19DF5A921E6757CA0063E0AA /* Tip With Friends */ = {
			isa = PBXGroup;
			children = (
				19DF5A931E6757CA0063E0AA /* AppDelegate.swift */,
				19DF5AB71E6A60680063E0AA /* Models */,
				19DF5AB31E6A58640063E0AA /* ViewControllers */,
				19DF5AB11E6A58230063E0AA /* Controllers */,
				19DF5AB21E6A585A0063E0AA /* ViewModels */,
				19DF5AB41E6A587F0063E0AA /* Views */,
				19DF5A9F1E6757CB0063E0AA /* Info.plist */,
			);
			path = "Tip With Friends";
			sourceTree = "<group>";
		};
		19DF5AB11E6A58230063E0AA /* Controllers */ = {
			isa = PBXGroup;
			children = (
				19DF5AA91E6A57F20063E0AA /* TipController.swift */,
				19DF5AAF1E6A581A0063E0AA /* SettingsController.swift */,
			);
			name = Controllers;
			sourceTree = "<group>";
		};
		19DF5AB21E6A585A0063E0AA /* ViewModels */ = {
			isa = PBXGroup;
			children = (
				19DF5AAB1E6A58030063E0AA /* TipViewModel.swift */,
				19DF5AAD1E6A580F0063E0AA /* SettingsViewModel.swift */,
			);
			name = ViewModels;
			sourceTree = "<group>";
		};
		19DF5AB31E6A58640063E0AA /* ViewControllers */ = {
			isa = PBXGroup;
			children = (
				19DF5AA51E6A57B00063E0AA /* TipViewController.swift */,
				19DF5AA71E6A57C70063E0AA /* SettingsViewController.swift */,
			);
			name = ViewControllers;
			sourceTree = "<group>";
		};
		19DF5AB41E6A587F0063E0AA /* Views */ = {
			isa = PBXGroup;
			children = (
				19DF5A971E6757CB0063E0AA /* Main.storyboard */,
				19DF5A9A1E6757CB0063E0AA /* Assets.xcassets */,
				19DF5A9C1E6757CB0063E0AA /* LaunchScreen.storyboard */,
			);
			name = Views;
			sourceTree = "<group>";
		};
		19DF5AB71E6A60680063E0AA /* Models */ = {
			isa = PBXGroup;
			children = (
				19DF5AB51E6A60630063E0AA /* TipModel.swift */,
			);
			name = Models;
			sourceTree = "<group>";
		};
		19F3AE671E74A191009680F6 /* Tip Watch */ = {
			isa = PBXGroup;
			children = (
				19F3AE681E74A191009680F6 /* Interface.storyboard */,
				19F3AE6B1E74A191009680F6 /* Assets.xcassets */,
				19F3AE6D1E74A191009680F6 /* Info.plist */,
			);
			path = "Tip Watch";
			sourceTree = "<group>";
		};
		19F3AE761E74A191009680F6 /* Tip Watch Extension */ = {
			isa = PBXGroup;
			children = (
				19F3AE771E74A191009680F6 /* InterfaceController.swift */,
				19F3AE791E74A191009680F6 /* ExtensionDelegate.swift */,
				19F3AE7B1E74A191009680F6 /* Assets.xcassets */,
				19F3AE7D1E74A191009680F6 /* Info.plist */,
			);
			path = "Tip Watch Extension";
			sourceTree = "<group>";
		};
/* End PBXGroup section */

/* Begin PBXNativeTarget section */
		19DF5A8F1E6757CA0063E0AA /* Tip With Friends */ = {
			isa = PBXNativeTarget;
			buildConfigurationList = 19DF5AA21E6757CB0063E0AA /* Build configuration list for PBXNativeTarget "Tip With Friends" */;
			buildPhases = (
				19DF5A8C1E6757CA0063E0AA /* Sources */,
				19DF5A8D1E6757CA0063E0AA /* Frameworks */,
				19DF5A8E1E6757CA0063E0AA /* Resources */,
				19F3AE881E74A191009680F6 /* Embed Watch Content */,
			);
			buildRules = (
			);
			dependencies = (
				19F3AE7F1E74A191009680F6 /* PBXTargetDependency */,
			);
			name = "Tip With Friends";
			productName = "Tip With Friends";
			productReference = 19DF5A901E6757CA0063E0AA /* Tip With Friends.app */;
			productType = "com.apple.product-type.application";
		};
		19F3AE651E74A190009680F6 /* Tip Watch */ = {
			isa = PBXNativeTarget;
			buildConfigurationList = 19F3AE871E74A191009680F6 /* Build configuration list for PBXNativeTarget "Tip Watch" */;
			buildPhases = (
				19F3AE641E74A190009680F6 /* Resources */,
				19F3AE861E74A191009680F6 /* Embed App Extensions */,
			);
			buildRules = (
			);
			dependencies = (
				19F3AE751E74A191009680F6 /* PBXTargetDependency */,
			);
			name = "Tip Watch";
			productName = "Tip Watch";
			productReference = 19F3AE661E74A190009680F6 /* Tip Watch.app */;
			productType = "com.apple.product-type.application.watchapp2";
		};
		19F3AE711E74A191009680F6 /* Tip Watch Extension */ = {
			isa = PBXNativeTarget;
			buildConfigurationList = 19F3AE851E74A191009680F6 /* Build configuration list for PBXNativeTarget "Tip Watch Extension" */;
			buildPhases = (
				19F3AE6E1E74A191009680F6 /* Sources */,
				19F3AE6F1E74A191009680F6 /* Frameworks */,
				19F3AE701E74A191009680F6 /* Resources */,
			);
			buildRules = (
			);
			dependencies = (
			);
			name = "Tip Watch Extension";
			productName = "Tip Watch Extension";
			productReference = 19F3AE721E74A191009680F6 /* Tip Watch Extension.appex */;
			productType = "com.apple.product-type.watchkit2-extension";
		};
/* End PBXNativeTarget section */

/* Begin PBXProject section */
		19DF5A881E6757CA0063E0AA /* Project object */ = {
			isa = PBXProject;
			attributes = {
				LastSwiftUpdateCheck = 0820;
				LastUpgradeCheck = 0820;
				ORGANIZATIONNAME = kevinthrailkill;
				TargetAttributes = {
					19DF5A8F1E6757CA0063E0AA = {
						CreatedOnToolsVersion = 8.2.1;
						DevelopmentTeam = YUYDGGZ6SW;
						ProvisioningStyle = Automatic;
					};
					19F3AE651E74A190009680F6 = {
						CreatedOnToolsVersion = 8.2.1;
						DevelopmentTeam = YUYDGGZ6SW;
						ProvisioningStyle = Automatic;
					};
					19F3AE711E74A191009680F6 = {
						CreatedOnToolsVersion = 8.2.1;
						DevelopmentTeam = YUYDGGZ6SW;
						ProvisioningStyle = Automatic;
					};
				};
			};
			buildConfigurationList = 19DF5A8B1E6757CA0063E0AA /* Build configuration list for PBXProject "Tip With Friends" */;
			compatibilityVersion = "Xcode 3.2";
			developmentRegion = English;
			hasScannedForEncodings = 0;
			knownRegions = (
				en,
				Base,
			);
			mainGroup = 19DF5A871E6757CA0063E0AA;
			productRefGroup = 19DF5A911E6757CA0063E0AA /* Products */;
			projectDirPath = "";
			projectRoot = "";
			targets = (
				19DF5A8F1E6757CA0063E0AA /* Tip With Friends */,
				19F3AE651E74A190009680F6 /* Tip Watch */,
				19F3AE711E74A191009680F6 /* Tip Watch Extension */,
			);
		};
/* End PBXProject section */

/* Begin PBXResourcesBuildPhase section */
		19DF5A8E1E6757CA0063E0AA /* Resources */ = {
			isa = PBXResourcesBuildPhase;
			buildActionMask = 2147483647;
			files = (
				19DF5A9E1E6757CB0063E0AA /* LaunchScreen.storyboard in Resources */,
				19DF5A9B1E6757CB0063E0AA /* Assets.xcassets in Resources */,
				19DF5A991E6757CB0063E0AA /* Main.storyboard in Resources */,
			);
			runOnlyForDeploymentPostprocessing = 0;
		};
		19F3AE641E74A190009680F6 /* Resources */ = {
			isa = PBXResourcesBuildPhase;
			buildActionMask = 2147483647;
			files = (
				19F3AE6C1E74A191009680F6 /* Assets.xcassets in Resources */,
				19F3AE6A1E74A191009680F6 /* Interface.storyboard in Resources */,
			);
			runOnlyForDeploymentPostprocessing = 0;
		};
		19F3AE701E74A191009680F6 /* Resources */ = {
			isa = PBXResourcesBuildPhase;
			buildActionMask = 2147483647;
			files = (
				19F3AE7C1E74A191009680F6 /* Assets.xcassets in Resources */,
			);
			runOnlyForDeploymentPostprocessing = 0;
		};
/* End PBXResourcesBuildPhase section */

/* Begin PBXSourcesBuildPhase section */
		19DF5A8C1E6757CA0063E0AA /* Sources */ = {
			isa = PBXSourcesBuildPhase;
			buildActionMask = 2147483647;
			files = (
				19DF5AB61E6A60630063E0AA /* TipModel.swift in Sources */,
				19DF5AB01E6A581A0063E0AA /* SettingsController.swift in Sources */,
				19DF5AAA1E6A57F20063E0AA /* TipController.swift in Sources */,
				19DF5AA61E6A57B00063E0AA /* TipViewController.swift in Sources */,
				19DF5A941E6757CA0063E0AA /* AppDelegate.swift in Sources */,
				19DF5AAC1E6A58030063E0AA /* TipViewModel.swift in Sources */,
				19DF5AA81E6A57C70063E0AA /* SettingsViewController.swift in Sources */,
				19DF5AAE1E6A580F0063E0AA /* SettingsViewModel.swift in Sources */,
			);
			runOnlyForDeploymentPostprocessing = 0;
		};
		19F3AE6E1E74A191009680F6 /* Sources */ = {
			isa = PBXSourcesBuildPhase;
			buildActionMask = 2147483647;
			files = (
				19F3AE891E74A243009680F6 /* TipModel.swift in Sources */,
				19F3AE7A1E74A191009680F6 /* ExtensionDelegate.swift in Sources */,
				19F3AE781E74A191009680F6 /* InterfaceController.swift in Sources */,
			);
			runOnlyForDeploymentPostprocessing = 0;
		};
/* End PBXSourcesBuildPhase section */

/* Begin PBXTargetDependency section */
		19F3AE751E74A191009680F6 /* PBXTargetDependency */ = {
			isa = PBXTargetDependency;
			target = 19F3AE711E74A191009680F6 /* Tip Watch Extension */;
			targetProxy = 19F3AE741E74A191009680F6 /* PBXContainerItemProxy */;
		};
		19F3AE7F1E74A191009680F6 /* PBXTargetDependency */ = {
			isa = PBXTargetDependency;
			target = 19F3AE651E74A190009680F6 /* Tip Watch */;
			targetProxy = 19F3AE7E1E74A191009680F6 /* PBXContainerItemProxy */;
		};
/* End PBXTargetDependency section */

/* Begin PBXVariantGroup section */
		19DF5A971E6757CB0063E0AA /* Main.storyboard */ = {
			isa = PBXVariantGroup;
			children = (
				19DF5A981E6757CB0063E0AA /* Base */,
			);
			name = Main.storyboard;
			sourceTree = "<group>";
		};
		19DF5A9C1E6757CB0063E0AA /* LaunchScreen.storyboard */ = {
			isa = PBXVariantGroup;
			children = (
				19DF5A9D1E6757CB0063E0AA /* Base */,
			);
			name = LaunchScreen.storyboard;
			sourceTree = "<group>";
		};
		19F3AE681E74A191009680F6 /* Interface.storyboard */ = {
			isa = PBXVariantGroup;
			children = (
				19F3AE691E74A191009680F6 /* Base */,
			);
			name = Interface.storyboard;
			sourceTree = "<group>";
		};
/* End PBXVariantGroup section */

/* Begin XCBuildConfiguration section */
		19DF5AA01E6757CB0063E0AA /* Debug */ = {
			isa = XCBuildConfiguration;
			buildSettings = {
				ALWAYS_SEARCH_USER_PATHS = NO;
				CLANG_ANALYZER_NONNULL = YES;
				CLANG_CXX_LANGUAGE_STANDARD = "gnu++0x";
				CLANG_CXX_LIBRARY = "libc++";
				CLANG_ENABLE_MODULES = YES;
				CLANG_ENABLE_OBJC_ARC = YES;
				CLANG_WARN_BOOL_CONVERSION = YES;
				CLANG_WARN_CONSTANT_CONVERSION = YES;
				CLANG_WARN_DIRECT_OBJC_ISA_USAGE = YES_ERROR;
				CLANG_WARN_DOCUMENTATION_COMMENTS = YES;
				CLANG_WARN_EMPTY_BODY = YES;
				CLANG_WARN_ENUM_CONVERSION = YES;
				CLANG_WARN_INFINITE_RECURSION = YES;
				CLANG_WARN_INT_CONVERSION = YES;
				CLANG_WARN_OBJC_ROOT_CLASS = YES_ERROR;
				CLANG_WARN_SUSPICIOUS_MOVE = YES;
				CLANG_WARN_UNREACHABLE_CODE = YES;
				CLANG_WARN__DUPLICATE_METHOD_MATCH = YES;
				"CODE_SIGN_IDENTITY[sdk=iphoneos*]" = "iPhone Developer";
				COPY_PHASE_STRIP = NO;
				DEBUG_INFORMATION_FORMAT = dwarf;
				ENABLE_STRICT_OBJC_MSGSEND = YES;
				ENABLE_TESTABILITY = YES;
				GCC_C_LANGUAGE_STANDARD = gnu99;
				GCC_DYNAMIC_NO_PIC = NO;
				GCC_NO_COMMON_BLOCKS = YES;
				GCC_OPTIMIZATION_LEVEL = 0;
				GCC_PREPROCESSOR_DEFINITIONS = (
					"DEBUG=1",
					"$(inherited)",
				);
				GCC_WARN_64_TO_32_BIT_CONVERSION = YES;
				GCC_WARN_ABOUT_RETURN_TYPE = YES_ERROR;
				GCC_WARN_UNDECLARED_SELECTOR = YES;
				GCC_WARN_UNINITIALIZED_AUTOS = YES_AGGRESSIVE;
				GCC_WARN_UNUSED_FUNCTION = YES;
				GCC_WARN_UNUSED_VARIABLE = YES;
				IPHONEOS_DEPLOYMENT_TARGET = 10.2;
				MTL_ENABLE_DEBUG_INFO = YES;
				ONLY_ACTIVE_ARCH = YES;
				SDKROOT = iphoneos;
				SWIFT_ACTIVE_COMPILATION_CONDITIONS = DEBUG;
				SWIFT_OPTIMIZATION_LEVEL = "-Onone";
			};
			name = Debug;
		};
		19DF5AA11E6757CB0063E0AA /* Release */ = {
			isa = XCBuildConfiguration;
			buildSettings = {
				ALWAYS_SEARCH_USER_PATHS = NO;
				CLANG_ANALYZER_NONNULL = YES;
				CLANG_CXX_LANGUAGE_STANDARD = "gnu++0x";
				CLANG_CXX_LIBRARY = "libc++";
				CLANG_ENABLE_MODULES = YES;
				CLANG_ENABLE_OBJC_ARC = YES;
				CLANG_WARN_BOOL_CONVERSION = YES;
				CLANG_WARN_CONSTANT_CONVERSION = YES;
				CLANG_WARN_DIRECT_OBJC_ISA_USAGE = YES_ERROR;
				CLANG_WARN_DOCUMENTATION_COMMENTS = YES;
				CLANG_WARN_EMPTY_BODY = YES;
				CLANG_WARN_ENUM_CONVERSION = YES;
				CLANG_WARN_INFINITE_RECURSION = YES;
				CLANG_WARN_INT_CONVERSION = YES;
				CLANG_WARN_OBJC_ROOT_CLASS = YES_ERROR;
				CLANG_WARN_SUSPICIOUS_MOVE = YES;
				CLANG_WARN_UNREACHABLE_CODE = YES;
				CLANG_WARN__DUPLICATE_METHOD_MATCH = YES;
				"CODE_SIGN_IDENTITY[sdk=iphoneos*]" = "iPhone Developer";
				COPY_PHASE_STRIP = NO;
				DEBUG_INFORMATION_FORMAT = "dwarf-with-dsym";
				ENABLE_NS_ASSERTIONS = NO;
				ENABLE_STRICT_OBJC_MSGSEND = YES;
				GCC_C_LANGUAGE_STANDARD = gnu99;
				GCC_NO_COMMON_BLOCKS = YES;
				GCC_WARN_64_TO_32_BIT_CONVERSION = YES;
				GCC_WARN_ABOUT_RETURN_TYPE = YES_ERROR;
				GCC_WARN_UNDECLARED_SELECTOR = YES;
				GCC_WARN_UNINITIALIZED_AUTOS = YES_AGGRESSIVE;
				GCC_WARN_UNUSED_FUNCTION = YES;
				GCC_WARN_UNUSED_VARIABLE = YES;
				IPHONEOS_DEPLOYMENT_TARGET = 10.2;
				MTL_ENABLE_DEBUG_INFO = NO;
				SDKROOT = iphoneos;
				SWIFT_OPTIMIZATION_LEVEL = "-Owholemodule";
				VALIDATE_PRODUCT = YES;
			};
			name = Release;
		};
		19DF5AA31E6757CB0063E0AA /* Debug */ = {
			isa = XCBuildConfiguration;
			buildSettings = {
				ASSETCATALOG_COMPILER_APPICON_NAME = AppIcon;
				"CODE_SIGN_IDENTITY[sdk=iphoneos*]" = "iPhone Developer";
				DEVELOPMENT_TEAM = YUYDGGZ6SW;
				INFOPLIST_FILE = "Tip With Friends/Info.plist";
				LD_RUNPATH_SEARCH_PATHS = "$(inherited) @executable_path/Frameworks";
				PRODUCT_BUNDLE_IDENTIFIER = "com.kevinthrailkill.Tip-With-Friends";
				PRODUCT_NAME = "$(TARGET_NAME)";
				SWIFT_VERSION = 3.0;
			};
			name = Debug;
		};
		19DF5AA41E6757CB0063E0AA /* Release */ = {
			isa = XCBuildConfiguration;
			buildSettings = {
				ASSETCATALOG_COMPILER_APPICON_NAME = AppIcon;
				"CODE_SIGN_IDENTITY[sdk=iphoneos*]" = "iPhone Developer";
				DEVELOPMENT_TEAM = YUYDGGZ6SW;
				INFOPLIST_FILE = "Tip With Friends/Info.plist";
				LD_RUNPATH_SEARCH_PATHS = "$(inherited) @executable_path/Frameworks";
				PRODUCT_BUNDLE_IDENTIFIER = "com.kevinthrailkill.Tip-With-Friends";
				PRODUCT_NAME = "$(TARGET_NAME)";
				SWIFT_VERSION = 3.0;
			};
			name = Release;
		};
		19F3AE811E74A191009680F6 /* Debug */ = {
			isa = XCBuildConfiguration;
			buildSettings = {
				ALWAYS_EMBED_SWIFT_STANDARD_LIBRARIES = YES;
				ASSETCATALOG_COMPILER_APPICON_NAME = AppIcon;
				DEVELOPMENT_TEAM = YUYDGGZ6SW;
				IBSC_MODULE = Tip_Watch_Extension;
				INFOPLIST_FILE = "Tip Watch/Info.plist";
				PRODUCT_BUNDLE_IDENTIFIER = "com.kevinthrailkill.Tip-With-Friends.watchkitapp";
				PRODUCT_NAME = "$(TARGET_NAME)";
				SDKROOT = watchos;
				SKIP_INSTALL = YES;
				SWIFT_VERSION = 3.0;
				TARGETED_DEVICE_FAMILY = 4;
				WATCHOS_DEPLOYMENT_TARGET = 3.1;
			};
			name = Debug;
		};
		19F3AE821E74A191009680F6 /* Release */ = {
			isa = XCBuildConfiguration;
			buildSettings = {
				ALWAYS_EMBED_SWIFT_STANDARD_LIBRARIES = YES;
				ASSETCATALOG_COMPILER_APPICON_NAME = AppIcon;
				DEVELOPMENT_TEAM = YUYDGGZ6SW;
				IBSC_MODULE = Tip_Watch_Extension;
				INFOPLIST_FILE = "Tip Watch/Info.plist";
				PRODUCT_BUNDLE_IDENTIFIER = "com.kevinthrailkill.Tip-With-Friends.watchkitapp";
				PRODUCT_NAME = "$(TARGET_NAME)";
				SDKROOT = watchos;
				SKIP_INSTALL = YES;
				SWIFT_VERSION = 3.0;
				TARGETED_DEVICE_FAMILY = 4;
				WATCHOS_DEPLOYMENT_TARGET = 3.1;
			};
			name = Release;
		};
		19F3AE831E74A191009680F6 /* Debug */ = {
			isa = XCBuildConfiguration;
			buildSettings = {
				ASSETCATALOG_COMPILER_COMPLICATION_NAME = Complication;
				DEVELOPMENT_TEAM = YUYDGGZ6SW;
				INFOPLIST_FILE = "Tip Watch Extension/Info.plist";
				LD_RUNPATH_SEARCH_PATHS = "$(inherited) @executable_path/Frameworks @executable_path/../../Frameworks";
				PRODUCT_BUNDLE_IDENTIFIER = "com.kevinthrailkill.Tip-With-Friends.watchkitapp.watchkitextension";
				PRODUCT_NAME = "${TARGET_NAME}";
				SDKROOT = watchos;
				SKIP_INSTALL = YES;
				SWIFT_VERSION = 3.0;
				TARGETED_DEVICE_FAMILY = 4;
				WATCHOS_DEPLOYMENT_TARGET = 3.1;
			};
			name = Debug;
		};
		19F3AE841E74A191009680F6 /* Release */ = {
			isa = XCBuildConfiguration;
			buildSettings = {
				ASSETCATALOG_COMPILER_COMPLICATION_NAME = Complication;
				DEVELOPMENT_TEAM = YUYDGGZ6SW;
				INFOPLIST_FILE = "Tip Watch Extension/Info.plist";
				LD_RUNPATH_SEARCH_PATHS = "$(inherited) @executable_path/Frameworks @executable_path/../../Frameworks";
				PRODUCT_BUNDLE_IDENTIFIER = "com.kevinthrailkill.Tip-With-Friends.watchkitapp.watchkitextension";
				PRODUCT_NAME = "${TARGET_NAME}";
				SDKROOT = watchos;
				SKIP_INSTALL = YES;
				SWIFT_VERSION = 3.0;
				TARGETED_DEVICE_FAMILY = 4;
				WATCHOS_DEPLOYMENT_TARGET = 3.1;
			};
			name = Release;
		};
/* End XCBuildConfiguration section */

/* Begin XCConfigurationList section */
		19DF5A8B1E6757CA0063E0AA /* Build configuration list for PBXProject "Tip With Friends" */ = {
			isa = XCConfigurationList;
			buildConfigurations = (
				19DF5AA01E6757CB0063E0AA /* Debug */,
				19DF5AA11E6757CB0063E0AA /* Release */,
			);
			defaultConfigurationIsVisible = 0;
			defaultConfigurationName = Release;
		};
		19DF5AA21E6757CB0063E0AA /* Build configuration list for PBXNativeTarget "Tip With Friends" */ = {
			isa = XCConfigurationList;
			buildConfigurations = (
				19DF5AA31E6757CB0063E0AA /* Debug */,
				19DF5AA41E6757CB0063E0AA /* Release */,
			);
			defaultConfigurationIsVisible = 0;
			defaultConfigurationName = Release;
		};
		19F3AE851E74A191009680F6 /* Build configuration list for PBXNativeTarget "Tip Watch Extension" */ = {
			isa = XCConfigurationList;
			buildConfigurations = (
				19F3AE831E74A191009680F6 /* Debug */,
				19F3AE841E74A191009680F6 /* Release */,
			);
			defaultConfigurationIsVisible = 0;
		};
		19F3AE871E74A191009680F6 /* Build configuration list for PBXNativeTarget "Tip Watch" */ = {
			isa = XCConfigurationList;
			buildConfigurations = (
				19F3AE811E74A191009680F6 /* Debug */,
				19F3AE821E74A191009680F6 /* Release */,
			);
			defaultConfigurationIsVisible = 0;
		};
/* End XCConfigurationList section */
	};
	rootObject = 19DF5A881E6757CA0063E0AA /* Project object */;
}
